
Microsoft Visual Studio Solution File, Format Version 12.00
# Visual Studio 14
VisualStudioVersion = 14.0.25123.0
MinimumVisualStudioVersion = 10.0.40219.1
Project("{4EF36E58-1A8D-4116-9BB9-398924C8D201}") = "Sitecore.Support.93215", "Sitecore.Support.93215\Sitecore.Support.93215.csproj", "{77A8C032-AF91-4D09-8503-C3DEAC498676}"
EndProject
Global
	GlobalSection(SolutionConfigurationPlatforms) = preSolution
		Debug|Any CPU = Debug|Any CPU
		Release|Any CPU = Release|Any CPU
	EndGlobalSection
	GlobalSection(ProjectConfigurationPlatforms) = postSolution
		{77A8C032-AF91-4D09-8503-C3DEAC498676}.Debug|Any CPU.ActiveCfg = Debug|Any CPU
		{77A8C032-AF91-4D09-8503-C3DEAC498676}.Debug|Any CPU.Build.0 = Debug|Any CPU
		{77A8C032-AF91-4D09-8503-C3DEAC498676}.Release|Any CPU.ActiveCfg = Release|Any CPU
		{77A8C032-AF91-4D09-8503-C3DEAC498676}.Release|Any CPU.Build.0 = Release|Any CPU
	EndGlobalSection
	GlobalSection(SolutionProperties) = preSolution
		HideSolutionNode = FALSE
	EndGlobalSection
EndGlobal
